
Microsoft Visual Studio Solution File, Format Version 12.00
# Visual Studio Version 17
VisualStudioVersion = 17.7.34031.279
MinimumVisualStudioVersion = 10.0.40219.1
Project("{9A19103F-16F7-4668-BE54-9A1E7A4F7556}") = "OTIK_MIET", "OTIK_MIET\OTIK_MIET.csproj", "{11AB3690-14EA-40DD-879F-C213722CC165}"
EndProject
Project("{9A19103F-16F7-4668-BE54-9A1E7A4F7556}") = "Codek", "Codek\Codek.csproj", "{8A2EF2ED-6E5A-441D-B10E-9308994FFBFA}"
EndProject
Project("{2150E333-8FDC-42A3-9474-1A3956D46DE8}") = "LR1", "LR1", "{3914BE67-48AB-4C07-97F5-BEF4C7F35570}"
EndProject
Project("{2150E333-8FDC-42A3-9474-1A3956D46DE8}") = "LR2", "LR2", "{444D9708-8278-479C-A411-E4DE11D7F53F}"
EndProject
Project("{FAE04EC0-301F-11D3-BF4B-00C04F79EFBC}") = "ReaderFile", "ReaderFile\ReaderFile.csproj", "{19A3ADCB-0989-4E24-B8CD-AAB0737A7B0A}"
EndProject
Project("{FAE04EC0-301F-11D3-BF4B-00C04F79EFBC}") = "ReaderFileByte", "ReaderFileByte\ReaderFileByte.csproj", "{C75A06A3-771F-44F7-A3B1-8CAA74562112}"
EndProject
Project("{FAE04EC0-301F-11D3-BF4B-00C04F79EFBC}") = "OctetAnalysis", "OctetAnalysis\OctetAnalysis.csproj", "{BC963576-8FBD-4895-9E70-252EFCA74B59}"
EndProject
Global
	GlobalSection(SolutionConfigurationPlatforms) = preSolution
		Debug|Any CPU = Debug|Any CPU
		Release|Any CPU = Release|Any CPU
	EndGlobalSection
	GlobalSection(ProjectConfigurationPlatforms) = postSolution
		{11AB3690-14EA-40DD-879F-C213722CC165}.Debug|Any CPU.ActiveCfg = Debug|Any CPU
		{11AB3690-14EA-40DD-879F-C213722CC165}.Debug|Any CPU.Build.0 = Debug|Any CPU
		{11AB3690-14EA-40DD-879F-C213722CC165}.Release|Any CPU.ActiveCfg = Release|Any CPU
		{11AB3690-14EA-40DD-879F-C213722CC165}.Release|Any CPU.Build.0 = Release|Any CPU
		{8A2EF2ED-6E5A-441D-B10E-9308994FFBFA}.Debug|Any CPU.ActiveCfg = Debug|Any CPU
		{8A2EF2ED-6E5A-441D-B10E-9308994FFBFA}.Debug|Any CPU.Build.0 = Debug|Any CPU
		{8A2EF2ED-6E5A-441D-B10E-9308994FFBFA}.Release|Any CPU.ActiveCfg = Release|Any CPU
		{8A2EF2ED-6E5A-441D-B10E-9308994FFBFA}.Release|Any CPU.Build.0 = Release|Any CPU
		{19A3ADCB-0989-4E24-B8CD-AAB0737A7B0A}.Debug|Any CPU.ActiveCfg = Debug|Any CPU
		{19A3ADCB-0989-4E24-B8CD-AAB0737A7B0A}.Debug|Any CPU.Build.0 = Debug|Any CPU
		{19A3ADCB-0989-4E24-B8CD-AAB0737A7B0A}.Release|Any CPU.ActiveCfg = Release|Any CPU
		{19A3ADCB-0989-4E24-B8CD-AAB0737A7B0A}.Release|Any CPU.Build.0 = Release|Any CPU
		{C75A06A3-771F-44F7-A3B1-8CAA74562112}.Debug|Any CPU.ActiveCfg = Debug|Any CPU
		{C75A06A3-771F-44F7-A3B1-8CAA74562112}.Debug|Any CPU.Build.0 = Debug|Any CPU
		{C75A06A3-771F-44F7-A3B1-8CAA74562112}.Release|Any CPU.ActiveCfg = Release|Any CPU
		{C75A06A3-771F-44F7-A3B1-8CAA74562112}.Release|Any CPU.Build.0 = Release|Any CPU
		{BC963576-8FBD-4895-9E70-252EFCA74B59}.Debug|Any CPU.ActiveCfg = Debug|Any CPU
		{BC963576-8FBD-4895-9E70-252EFCA74B59}.Debug|Any CPU.Build.0 = Debug|Any CPU
		{BC963576-8FBD-4895-9E70-252EFCA74B59}.Release|Any CPU.ActiveCfg = Release|Any CPU
		{BC963576-8FBD-4895-9E70-252EFCA74B59}.Release|Any CPU.Build.0 = Release|Any CPU
	EndGlobalSection
	GlobalSection(SolutionProperties) = preSolution
		HideSolutionNode = FALSE
	EndGlobalSection
	GlobalSection(NestedProjects) = preSolution
		{11AB3690-14EA-40DD-879F-C213722CC165} = {3914BE67-48AB-4C07-97F5-BEF4C7F35570}
		{8A2EF2ED-6E5A-441D-B10E-9308994FFBFA} = {3914BE67-48AB-4C07-97F5-BEF4C7F35570}
		{19A3ADCB-0989-4E24-B8CD-AAB0737A7B0A} = {444D9708-8278-479C-A411-E4DE11D7F53F}
		{C75A06A3-771F-44F7-A3B1-8CAA74562112} = {444D9708-8278-479C-A411-E4DE11D7F53F}
		{BC963576-8FBD-4895-9E70-252EFCA74B59} = {444D9708-8278-479C-A411-E4DE11D7F53F}
	EndGlobalSection
	GlobalSection(ExtensibilityGlobals) = postSolution
		SolutionGuid = {B04A0DF3-0D42-4B92-BE01-8EEEF7F6DECE}
	EndGlobalSection
EndGlobal
